
Microsoft Visual Studio Solution File, Format Version 12.00
# Visual Studio Version 17
VisualStudioVersion = 17.9.34728.123
MinimumVisualStudioVersion = 10.0.40219.1
Project("{9A19103F-16F7-4668-BE54-9A1E7A4F7556}") = "ProjAndreVeiculos", "ProjAndreVeiculos\ProjAndreVeiculos.csproj", "{E481EDA7-1787-4DDB-BF7B-8837CBD183EF}"
EndProject
Project("{9A19103F-16F7-4668-BE54-9A1E7A4F7556}") = "Models", "Models\Models.csproj", "{0818E744-55A7-43FE-853E-FE86F8AC9FF3}"
EndProject
Project("{FAE04EC0-301F-11D3-BF4B-00C04F79EFBC}") = "Repositories", "Repositories\Repositories.csproj", "{3D3F236C-F4F7-4218-8128-B6C1FDE51371}"
EndProject
Project("{FAE04EC0-301F-11D3-BF4B-00C04F79EFBC}") = "Services", "Services\Services.csproj", "{1DBFFF34-A7E2-42E1-9295-5D3F9E6449E3}"
EndProject
Project("{FAE04EC0-301F-11D3-BF4B-00C04F79EFBC}") = "Controllers", "Controllers\Controllers.csproj", "{A3B9A953-11A9-4BFE-8832-31D98848D383}"
EndProject
Global
	GlobalSection(SolutionConfigurationPlatforms) = preSolution
		Debug|Any CPU = Debug|Any CPU
		Release|Any CPU = Release|Any CPU
	EndGlobalSection
	GlobalSection(ProjectConfigurationPlatforms) = postSolution
		{E481EDA7-1787-4DDB-BF7B-8837CBD183EF}.Debug|Any CPU.ActiveCfg = Debug|Any CPU
		{E481EDA7-1787-4DDB-BF7B-8837CBD183EF}.Debug|Any CPU.Build.0 = Debug|Any CPU
		{E481EDA7-1787-4DDB-BF7B-8837CBD183EF}.Release|Any CPU.ActiveCfg = Release|Any CPU
		{E481EDA7-1787-4DDB-BF7B-8837CBD183EF}.Release|Any CPU.Build.0 = Release|Any CPU
		{0818E744-55A7-43FE-853E-FE86F8AC9FF3}.Debug|Any CPU.ActiveCfg = Debug|Any CPU
		{0818E744-55A7-43FE-853E-FE86F8AC9FF3}.Debug|Any CPU.Build.0 = Debug|Any CPU
		{0818E744-55A7-43FE-853E-FE86F8AC9FF3}.Release|Any CPU.ActiveCfg = Release|Any CPU
		{0818E744-55A7-43FE-853E-FE86F8AC9FF3}.Release|Any CPU.Build.0 = Release|Any CPU
		{3D3F236C-F4F7-4218-8128-B6C1FDE51371}.Debug|Any CPU.ActiveCfg = Debug|Any CPU
		{3D3F236C-F4F7-4218-8128-B6C1FDE51371}.Debug|Any CPU.Build.0 = Debug|Any CPU
		{3D3F236C-F4F7-4218-8128-B6C1FDE51371}.Release|Any CPU.ActiveCfg = Release|Any CPU
		{3D3F236C-F4F7-4218-8128-B6C1FDE51371}.Release|Any CPU.Build.0 = Release|Any CPU
		{1DBFFF34-A7E2-42E1-9295-5D3F9E6449E3}.Debug|Any CPU.ActiveCfg = Debug|Any CPU
		{1DBFFF34-A7E2-42E1-9295-5D3F9E6449E3}.Debug|Any CPU.Build.0 = Debug|Any CPU
		{1DBFFF34-A7E2-42E1-9295-5D3F9E6449E3}.Release|Any CPU.ActiveCfg = Release|Any CPU
		{1DBFFF34-A7E2-42E1-9295-5D3F9E6449E3}.Release|Any CPU.Build.0 = Release|Any CPU
		{A3B9A953-11A9-4BFE-8832-31D98848D383}.Debug|Any CPU.ActiveCfg = Debug|Any CPU
		{A3B9A953-11A9-4BFE-8832-31D98848D383}.Debug|Any CPU.Build.0 = Debug|Any CPU
		{A3B9A953-11A9-4BFE-8832-31D98848D383}.Release|Any CPU.ActiveCfg = Release|Any CPU
		{A3B9A953-11A9-4BFE-8832-31D98848D383}.Release|Any CPU.Build.0 = Release|Any CPU
	EndGlobalSection
	GlobalSection(SolutionProperties) = preSolution
		HideSolutionNode = FALSE
	EndGlobalSection
	GlobalSection(ExtensibilityGlobals) = postSolution
		SolutionGuid = {158D2D44-D278-4E95-A9EF-06D750F5D479}
	EndGlobalSection
EndGlobal
